// !$*UTF8*$!
{
	archiveVersion = 1;
	classes = {
	};
	objectVersion = 56;
	objects = {

/* Begin PBXBuildFile section */
		0C3B6BC82A563EF70066D0CB /* Nice_WeatherApp.swift in Sources */ = {isa = PBXBuildFile; fileRef = 0C3B6BC72A563EF70066D0CB /* Nice_WeatherApp.swift */; };
		0C3B6BCA2A563EF70066D0CB /* ContentView.swift in Sources */ = {isa = PBXBuildFile; fileRef = 0C3B6BC92A563EF70066D0CB /* ContentView.swift */; };
		0C3B6BCC2A563EF90066D0CB /* Assets.xcassets in Resources */ = {isa = PBXBuildFile; fileRef = 0C3B6BCB2A563EF90066D0CB /* Assets.xcassets */; };
		0C3B6BCF2A563EF90066D0CB /* Preview Assets.xcassets in Resources */ = {isa = PBXBuildFile; fileRef = 0C3B6BCE2A563EF90066D0CB /* Preview Assets.xcassets */; };
		0C3B6BD72A5645420066D0CB /* LocationManager.swift in Sources */ = {isa = PBXBuildFile; fileRef = 0C3B6BD62A5645420066D0CB /* LocationManager.swift */; };
		0C3B6BDA2A564FF40066D0CB /* WelcomeView.swift in Sources */ = {isa = PBXBuildFile; fileRef = 0C3B6BD92A564FF40066D0CB /* WelcomeView.swift */; };
		0C3B6BDC2A5655FC0066D0CB /* LoadingView.swift in Sources */ = {isa = PBXBuildFile; fileRef = 0C3B6BDB2A5655FC0066D0CB /* LoadingView.swift */; };
		0C3B6BDE2A5659160066D0CB /* WeatherManager.swift in Sources */ = {isa = PBXBuildFile; fileRef = 0C3B6BDD2A5659160066D0CB /* WeatherManager.swift */; };
		0C3B6BE02A565D560066D0CB /* WeatherView.swift in Sources */ = {isa = PBXBuildFile; fileRef = 0C3B6BDF2A565D560066D0CB /* WeatherView.swift */; };
		0C3B6BE22A565DAE0066D0CB /* ModelData.swift in Sources */ = {isa = PBXBuildFile; fileRef = 0C3B6BE12A565DAE0066D0CB /* ModelData.swift */; };
		0C3B6BE42A565DF90066D0CB /* WeatherData.json in Resources */ = {isa = PBXBuildFile; fileRef = 0C3B6BE32A565DF90066D0CB /* WeatherData.json */; };
		0C3B6BE62A5660930066D0CB /* Extensions.swift in Sources */ = {isa = PBXBuildFile; fileRef = 0C3B6BE52A5660930066D0CB /* Extensions.swift */; };
/* End PBXBuildFile section */

/* Begin PBXFileReference section */
		0C3B6BC42A563EF70066D0CB /* Gustify.app */ = {isa = PBXFileReference; explicitFileType = wrapper.application; includeInIndex = 0; path = Gustify.app; sourceTree = BUILT_PRODUCTS_DIR; };
		0C3B6BC72A563EF70066D0CB /* Nice_WeatherApp.swift */ = {isa = PBXFileReference; lastKnownFileType = sourcecode.swift; path = Nice_WeatherApp.swift; sourceTree = "<group>"; };
		0C3B6BC92A563EF70066D0CB /* ContentView.swift */ = {isa = PBXFileReference; lastKnownFileType = sourcecode.swift; path = ContentView.swift; sourceTree = "<group>"; };
		0C3B6BCB2A563EF90066D0CB /* Assets.xcassets */ = {isa = PBXFileReference; lastKnownFileType = folder.assetcatalog; path = Assets.xcassets; sourceTree = "<group>"; };
		0C3B6BCE2A563EF90066D0CB /* Preview Assets.xcassets */ = {isa = PBXFileReference; lastKnownFileType = folder.assetcatalog; path = "Preview Assets.xcassets"; sourceTree = "<group>"; };
		0C3B6BD62A5645420066D0CB /* LocationManager.swift */ = {isa = PBXFileReference; lastKnownFileType = sourcecode.swift; path = LocationManager.swift; sourceTree = "<group>"; };
		0C3B6BD92A564FF40066D0CB /* WelcomeView.swift */ = {isa = PBXFileReference; lastKnownFileType = sourcecode.swift; path = WelcomeView.swift; sourceTree = "<group>"; };
		0C3B6BDB2A5655FC0066D0CB /* LoadingView.swift */ = {isa = PBXFileReference; lastKnownFileType = sourcecode.swift; path = LoadingView.swift; sourceTree = "<group>"; };
		0C3B6BDD2A5659160066D0CB /* WeatherManager.swift */ = {isa = PBXFileReference; lastKnownFileType = sourcecode.swift; path = WeatherManager.swift; sourceTree = "<group>"; };
		0C3B6BDF2A565D560066D0CB /* WeatherView.swift */ = {isa = PBXFileReference; lastKnownFileType = sourcecode.swift; path = WeatherView.swift; sourceTree = "<group>"; };
		0C3B6BE12A565DAE0066D0CB /* ModelData.swift */ = {isa = PBXFileReference; lastKnownFileType = sourcecode.swift; path = ModelData.swift; sourceTree = "<group>"; };
		0C3B6BE32A565DF90066D0CB /* WeatherData.json */ = {isa = PBXFileReference; lastKnownFileType = text.json; path = WeatherData.json; sourceTree = "<group>"; };
		0C3B6BE52A5660930066D0CB /* Extensions.swift */ = {isa = PBXFileReference; lastKnownFileType = sourcecode.swift; path = Extensions.swift; sourceTree = "<group>"; };
/* End PBXFileReference section */

/* Begin PBXFrameworksBuildPhase section */
		0C3B6BC12A563EF70066D0CB /* Frameworks */ = {
			isa = PBXFrameworksBuildPhase;
			buildActionMask = 2147483647;
			files = (
			);
			runOnlyForDeploymentPostprocessing = 0;
		};
/* End PBXFrameworksBuildPhase section */

/* Begin PBXGroup section */
		0C3B6BBB2A563EF70066D0CB = {
			isa = PBXGroup;
			children = (
				0C3B6BC62A563EF70066D0CB /* Nice Weather */,
				0C3B6BC52A563EF70066D0CB /* Products */,
			);
			sourceTree = "<group>";
		};
		0C3B6BC52A563EF70066D0CB /* Products */ = {
			isa = PBXGroup;
			children = (
				0C3B6BC42A563EF70066D0CB /* Gustify.app */,
			);
			name = Products;
			sourceTree = "<group>";
		};
		0C3B6BC62A563EF70066D0CB /* Nice Weather */ = {
			isa = PBXGroup;
			children = (
				0C3B6BD82A564E8E0066D0CB /* Views */,
				0C3B6BD52A56452D0066D0CB /* Managers */,
				0C3B6BC72A563EF70066D0CB /* Nice_WeatherApp.swift */,
				0C3B6BCB2A563EF90066D0CB /* Assets.xcassets */,
				0C3B6BCD2A563EF90066D0CB /* Preview Content */,
				0C3B6BE52A5660930066D0CB /* Extensions.swift */,
			);
			path = "Nice Weather";
			sourceTree = "<group>";
		};
		0C3B6BCD2A563EF90066D0CB /* Preview Content */ = {
			isa = PBXGroup;
			children = (
				0C3B6BCE2A563EF90066D0CB /* Preview Assets.xcassets */,
				0C3B6BE12A565DAE0066D0CB /* ModelData.swift */,
				0C3B6BE32A565DF90066D0CB /* WeatherData.json */,
			);
			path = "Preview Content";
			sourceTree = "<group>";
		};
		0C3B6BD52A56452D0066D0CB /* Managers */ = {
			isa = PBXGroup;
			children = (
				0C3B6BD62A5645420066D0CB /* LocationManager.swift */,
				0C3B6BDD2A5659160066D0CB /* WeatherManager.swift */,
			);
			path = Managers;
			sourceTree = "<group>";
		};
		0C3B6BD82A564E8E0066D0CB /* Views */ = {
			isa = PBXGroup;
			children = (
				0C3B6BC92A563EF70066D0CB /* ContentView.swift */,
				0C3B6BD92A564FF40066D0CB /* WelcomeView.swift */,
				0C3B6BDB2A5655FC0066D0CB /* LoadingView.swift */,
				0C3B6BDF2A565D560066D0CB /* WeatherView.swift */,
			);
			path = Views;
			sourceTree = "<group>";
		};
/* End PBXGroup section */

/* Begin PBXNativeTarget section */
		0C3B6BC32A563EF70066D0CB /* Gustify */ = {
			isa = PBXNativeTarget;
			buildConfigurationList = 0C3B6BD22A563EF90066D0CB /* Build configuration list for PBXNativeTarget "Gustify" */;
			buildPhases = (
				0C3B6BC02A563EF70066D0CB /* Sources */,
				0C3B6BC12A563EF70066D0CB /* Frameworks */,
				0C3B6BC22A563EF70066D0CB /* Resources */,
			);
			buildRules = (
			);
			dependencies = (
			);
			name = Gustify;
			productName = "Nice Weather";
			productReference = 0C3B6BC42A563EF70066D0CB /* Gustify.app */;
			productType = "com.apple.product-type.application";
		};
/* End PBXNativeTarget section */

/* Begin PBXProject section */
		0C3B6BBC2A563EF70066D0CB /* Project object */ = {
			isa = PBXProject;
			attributes = {
				BuildIndependentTargetsInParallel = 1;
				LastSwiftUpdateCheck = 1430;
				LastUpgradeCheck = 1430;
				TargetAttributes = {
					0C3B6BC32A563EF70066D0CB = {
						CreatedOnToolsVersion = 14.3.1;
					};
				};
			};
			buildConfigurationList = 0C3B6BBF2A563EF70066D0CB /* Build configuration list for PBXProject "Nice Weather" */;
			compatibilityVersion = "Xcode 14.0";
			developmentRegion = en;
			hasScannedForEncodings = 0;
			knownRegions = (
				en,
				Base,
			);
			mainGroup = 0C3B6BBB2A563EF70066D0CB;
			productRefGroup = 0C3B6BC52A563EF70066D0CB /* Products */;
			projectDirPath = "";
			projectRoot = "";
			targets = (
				0C3B6BC32A563EF70066D0CB /* Gustify */,
			);
		};
/* End PBXProject section */

/* Begin PBXResourcesBuildPhase section */
		0C3B6BC22A563EF70066D0CB /* Resources */ = {
			isa = PBXResourcesBuildPhase;
			buildActionMask = 2147483647;
			files = (
				0C3B6BE42A565DF90066D0CB /* WeatherData.json in Resources */,
				0C3B6BCF2A563EF90066D0CB /* Preview Assets.xcassets in Resources */,
				0C3B6BCC2A563EF90066D0CB /* Assets.xcassets in Resources */,
			);
			runOnlyForDeploymentPostprocessing = 0;
		};
/* End PBXResourcesBuildPhase section */

/* Begin PBXSourcesBuildPhase section */
		0C3B6BC02A563EF70066D0CB /* Sources */ = {
			isa = PBXSourcesBuildPhase;
			buildActionMask = 2147483647;
			files = (
				0C3B6BDE2A5659160066D0CB /* WeatherManager.swift in Sources */,
				0C3B6BE62A5660930066D0CB /* Extensions.swift in Sources */,
				0C3B6BCA2A563EF70066D0CB /* ContentView.swift in Sources */,
				0C3B6BC82A563EF70066D0CB /* Nice_WeatherApp.swift in Sources */,
				0C3B6BD72A5645420066D0CB /* LocationManager.swift in Sources */,
				0C3B6BDC2A5655FC0066D0CB /* LoadingView.swift in Sources */,
				0C3B6BE22A565DAE0066D0CB /* ModelData.swift in Sources */,
				0C3B6BE02A565D560066D0CB /* WeatherView.swift in Sources */,
				0C3B6BDA2A564FF40066D0CB /* WelcomeView.swift in Sources */,
			);
			runOnlyForDeploymentPostprocessing = 0;
		};
/* End PBXSourcesBuildPhase section */

/* Begin XCBuildConfiguration section */
		0C3B6BD02A563EF90066D0CB /* Debug */ = {
			isa = XCBuildConfiguration;
			buildSettings = {
				ALWAYS_SEARCH_USER_PATHS = NO;
				CLANG_ANALYZER_NONNULL = YES;
				CLANG_ANALYZER_NUMBER_OBJECT_CONVERSION = YES_AGGRESSIVE;
				CLANG_CXX_LANGUAGE_STANDARD = "gnu++20";
				CLANG_ENABLE_MODULES = YES;
				CLANG_ENABLE_OBJC_ARC = YES;
				CLANG_ENABLE_OBJC_WEAK = YES;
				CLANG_WARN_BLOCK_CAPTURE_AUTORELEASING = YES;
				CLANG_WARN_BOOL_CONVERSION = YES;
				CLANG_WARN_COMMA = YES;
				CLANG_WARN_CONSTANT_CONVERSION = YES;
				CLANG_WARN_DEPRECATED_OBJC_IMPLEMENTATIONS = YES;
				CLANG_WARN_DIRECT_OBJC_ISA_USAGE = YES_ERROR;
				CLANG_WARN_DOCUMENTATION_COMMENTS = YES;
				CLANG_WARN_EMPTY_BODY = YES;
				CLANG_WARN_ENUM_CONVERSION = YES;
				CLANG_WARN_INFINITE_RECURSION = YES;
				CLANG_WARN_INT_CONVERSION = YES;
				CLANG_WARN_NON_LITERAL_NULL_CONVERSION = YES;
				CLANG_WARN_OBJC_IMPLICIT_RETAIN_SELF = YES;
				CLANG_WARN_OBJC_LITERAL_CONVERSION = YES;
				CLANG_WARN_OBJC_ROOT_CLASS = YES_ERROR;
				CLANG_WARN_QUOTED_INCLUDE_IN_FRAMEWORK_HEADER = YES;
				CLANG_WARN_RANGE_LOOP_ANALYSIS = YES;
				CLANG_WARN_STRICT_PROTOTYPES = YES;
				CLANG_WARN_SUSPICIOUS_MOVE = YES;
				CLANG_WARN_UNGUARDED_AVAILABILITY = YES_AGGRESSIVE;
				CLANG_WARN_UNREACHABLE_CODE = YES;
				CLANG_WARN__DUPLICATE_METHOD_MATCH = YES;
				COPY_PHASE_STRIP = NO;
				DEBUG_INFORMATION_FORMAT = dwarf;
				ENABLE_STRICT_OBJC_MSGSEND = YES;
				ENABLE_TESTABILITY = YES;
				GCC_C_LANGUAGE_STANDARD = gnu11;
				GCC_DYNAMIC_NO_PIC = NO;
				GCC_NO_COMMON_BLOCKS = YES;
				GCC_OPTIMIZATION_LEVEL = 0;
				GCC_PREPROCESSOR_DEFINITIONS = (
					"DEBUG=1",
					"$(inherited)",
				);
				GCC_WARN_64_TO_32_BIT_CONVERSION = YES;
				GCC_WARN_ABOUT_RETURN_TYPE = YES_ERROR;
				GCC_WARN_UNDECLARED_SELECTOR = YES;
				GCC_WARN_UNINITIALIZED_AUTOS = YES_AGGRESSIVE;
				GCC_WARN_UNUSED_FUNCTION = YES;
				GCC_WARN_UNUSED_VARIABLE = YES;
				IPHONEOS_DEPLOYMENT_TARGET = 16.4;
				MTL_ENABLE_DEBUG_INFO = INCLUDE_SOURCE;
				MTL_FAST_MATH = YES;
				ONLY_ACTIVE_ARCH = YES;
				SDKROOT = iphoneos;
				SWIFT_ACTIVE_COMPILATION_CONDITIONS = DEBUG;
				SWIFT_OPTIMIZATION_LEVEL = "-Onone";
			};
			name = Debug;
		};
		0C3B6BD12A563EF90066D0CB /* Release */ = {
			isa = XCBuildConfiguration;
			buildSettings = {
				ALWAYS_SEARCH_USER_PATHS = NO;
				CLANG_ANALYZER_NONNULL = YES;
				CLANG_ANALYZER_NUMBER_OBJECT_CONVERSION = YES_AGGRESSIVE;
				CLANG_CXX_LANGUAGE_STANDARD = "gnu++20";
				CLANG_ENABLE_MODULES = YES;
				CLANG_ENABLE_OBJC_ARC = YES;
				CLANG_ENABLE_OBJC_WEAK = YES;
				CLANG_WARN_BLOCK_CAPTURE_AUTORELEASING = YES;
				CLANG_WARN_BOOL_CONVERSION = YES;
				CLANG_WARN_COMMA = YES;
				CLANG_WARN_CONSTANT_CONVERSION = YES;
				CLANG_WARN_DEPRECATED_OBJC_IMPLEMENTATIONS = YES;
				CLANG_WARN_DIRECT_OBJC_ISA_USAGE = YES_ERROR;
				CLANG_WARN_DOCUMENTATION_COMMENTS = YES;
				CLANG_WARN_EMPTY_BODY = YES;
				CLANG_WARN_ENUM_CONVERSION = YES;
				CLANG_WARN_INFINITE_RECURSION = YES;
				CLANG_WARN_INT_CONVERSION = YES;
				CLANG_WARN_NON_LITERAL_NULL_CONVERSION = YES;
				CLANG_WARN_OBJC_IMPLICIT_RETAIN_SELF = YES;
				CLANG_WARN_OBJC_LITERAL_CONVERSION = YES;
				CLANG_WARN_OBJC_ROOT_CLASS = YES_ERROR;
				CLANG_WARN_QUOTED_INCLUDE_IN_FRAMEWORK_HEADER = YES;
				CLANG_WARN_RANGE_LOOP_ANALYSIS = YES;
				CLANG_WARN_STRICT_PROTOTYPES = YES;
				CLANG_WARN_SUSPICIOUS_MOVE = YES;
				CLANG_WARN_UNGUARDED_AVAILABILITY = YES_AGGRESSIVE;
				CLANG_WARN_UNREACHABLE_CODE = YES;
				CLANG_WARN__DUPLICATE_METHOD_MATCH = YES;
				COPY_PHASE_STRIP = NO;
				DEBUG_INFORMATION_FORMAT = "dwarf-with-dsym";
				ENABLE_NS_ASSERTIONS = NO;
				ENABLE_STRICT_OBJC_MSGSEND = YES;
				GCC_C_LANGUAGE_STANDARD = gnu11;
				GCC_NO_COMMON_BLOCKS = YES;
				GCC_WARN_64_TO_32_BIT_CONVERSION = YES;
				GCC_WARN_ABOUT_RETURN_TYPE = YES_ERROR;
				GCC_WARN_UNDECLARED_SELECTOR = YES;
				GCC_WARN_UNINITIALIZED_AUTOS = YES_AGGRESSIVE;
				GCC_WARN_UNUSED_FUNCTION = YES;
				GCC_WARN_UNUSED_VARIABLE = YES;
				IPHONEOS_DEPLOYMENT_TARGET = 16.4;
				MTL_ENABLE_DEBUG_INFO = NO;
				MTL_FAST_MATH = YES;
				SDKROOT = iphoneos;
				SWIFT_COMPILATION_MODE = wholemodule;
				SWIFT_OPTIMIZATION_LEVEL = "-O";
				VALIDATE_PRODUCT = YES;
			};
			name = Release;
		};
		0C3B6BD32A563EF90066D0CB /* Debug */ = {
			isa = XCBuildConfiguration;
			buildSettings = {
				ASSETCATALOG_COMPILER_APPICON_NAME = AppIcon;
				ASSETCATALOG_COMPILER_GLOBAL_ACCENT_COLOR_NAME = AccentColor;
				ASSETCATALOG_COMPILER_INCLUDE_ALL_APPICON_ASSETS = NO;
				CODE_SIGN_STYLE = Automatic;
				CURRENT_PROJECT_VERSION = 1;
				DEVELOPMENT_ASSET_PATHS = "\"Nice Weather/Preview Content\"";
				DEVELOPMENT_TEAM = R4FNT45FXB;
				ENABLE_PREVIEWS = YES;
				GENERATE_INFOPLIST_FILE = YES;
				INFOPLIST_KEY_LSApplicationCategoryType = "public.app-category.weather";
				INFOPLIST_KEY_UIApplicationSceneManifest_Generation = YES;
				INFOPLIST_KEY_UIApplicationSupportsIndirectInputEvents = YES;
				INFOPLIST_KEY_UILaunchScreen_Generation = YES;
				INFOPLIST_KEY_UISupportedInterfaceOrientations_iPad = "UIInterfaceOrientationPortrait UIInterfaceOrientationPortraitUpsideDown UIInterfaceOrientationLandscapeLeft UIInterfaceOrientationLandscapeRight";
				INFOPLIST_KEY_UISupportedInterfaceOrientations_iPhone = "UIInterfaceOrientationPortrait UIInterfaceOrientationLandscapeLeft UIInterfaceOrientationLandscapeRight";
				IPHONEOS_DEPLOYMENT_TARGET = 16.2;
				LD_RUNPATH_SEARCH_PATHS = (
					"$(inherited)",
					"@executable_path/Frameworks",
				);
				MARKETING_VERSION = 1.0;
				PRODUCT_BUNDLE_IDENTIFIER = "nocturnal-developer.Nice-Weather";
				PRODUCT_NAME = "$(TARGET_NAME)";
				SWIFT_EMIT_LOC_STRINGS = YES;
				SWIFT_VERSION = 5.0;
				TARGETED_DEVICE_FAMILY = "1,2";
			};
			name = Debug;
		};
		0C3B6BD42A563EF90066D0CB /* Release */ = {
			isa = XCBuildConfiguration;
			buildSettings = {
				ASSETCATALOG_COMPILER_APPICON_NAME = AppIcon;
				ASSETCATALOG_COMPILER_GLOBAL_ACCENT_COLOR_NAME = AccentColor;
				ASSETCATALOG_COMPILER_INCLUDE_ALL_APPICON_ASSETS = NO;
				CODE_SIGN_STYLE = Automatic;
				CURRENT_PROJECT_VERSION = 1;
				DEVELOPMENT_ASSET_PATHS = "\"Nice Weather/Preview Content\"";
				DEVELOPMENT_TEAM = R4FNT45FXB;
				ENABLE_PREVIEWS = YES;
				GENERATE_INFOPLIST_FILE = YES;
				INFOPLIST_KEY_LSApplicationCategoryType = "public.app-category.weather";
				INFOPLIST_KEY_UIApplicationSceneManifest_Generation = YES;
				INFOPLIST_KEY_UIApplicationSupportsIndirectInputEvents = YES;
				INFOPLIST_KEY_UILaunchScreen_Generation = YES;
				INFOPLIST_KEY_UISupportedInterfaceOrientations_iPad = "UIInterfaceOrientationPortrait UIInterfaceOrientationPortraitUpsideDown UIInterfaceOrientationLandscapeLeft UIInterfaceOrientationLandscapeRight";
				INFOPLIST_KEY_UISupportedInterfaceOrientations_iPhone = "UIInterfaceOrientationPortrait UIInterfaceOrientationLandscapeLeft UIInterfaceOrientationLandscapeRight";
				IPHONEOS_DEPLOYMENT_TARGET = 16.2;
				LD_RUNPATH_SEARCH_PATHS = (
					"$(inherited)",
					"@executable_path/Frameworks",
				);
				MARKETING_VERSION = 1.0;
				PRODUCT_BUNDLE_IDENTIFIER = "nocturnal-developer.Nice-Weather";
				PRODUCT_NAME = "$(TARGET_NAME)";
				SWIFT_EMIT_LOC_STRINGS = YES;
				SWIFT_VERSION = 5.0;
				TARGETED_DEVICE_FAMILY = "1,2";
			};
			name = Release;
		};
/* End XCBuildConfiguration section */

/* Begin XCConfigurationList section */
		0C3B6BBF2A563EF70066D0CB /* Build configuration list for PBXProject "Nice Weather" */ = {
			isa = XCConfigurationList;
			buildConfigurations = (
				0C3B6BD02A563EF90066D0CB /* Debug */,
				0C3B6BD12A563EF90066D0CB /* Release */,
			);
			defaultConfigurationIsVisible = 0;
			defaultConfigurationName = Release;
		};
		0C3B6BD22A563EF90066D0CB /* Build configuration list for PBXNativeTarget "Gustify" */ = {
			isa = XCConfigurationList;
			buildConfigurations = (
				0C3B6BD32A563EF90066D0CB /* Debug */,
				0C3B6BD42A563EF90066D0CB /* Release */,
			);
			defaultConfigurationIsVisible = 0;
			defaultConfigurationName = Release;
		};
/* End XCConfigurationList section */
	};
	rootObject = 0C3B6BBC2A563EF70066D0CB /* Project object */;
}
